// !$*UTF8*$!
{
	archiveVersion = 1;
	classes = {
	};
	objectVersion = 50;
	objects = {

/* Begin PBXBuildFile section */
		D056094B263923EB00150B00 /* UILabel + Copable.swift in Sources */ = {isa = PBXBuildFile; fileRef = D056094A263923EB00150B00 /* UILabel + Copable.swift */; };
		D056094E2639279C00150B00 /* ToDoViewController.swift in Sources */ = {isa = PBXBuildFile; fileRef = D056094D2639279C00150B00 /* ToDoViewController.swift */; };
		D0560950263927B400150B00 /* ToDo.storyboard in Resources */ = {isa = PBXBuildFile; fileRef = D056094F263927B400150B00 /* ToDo.storyboard */; };
		D056095626394B7400150B00 /* DateTimeTextField.swift in Sources */ = {isa = PBXBuildFile; fileRef = D056095526394B7400150B00 /* DateTimeTextField.swift */; };
		D056095926394DEE00150B00 /* Date+.swift in Sources */ = {isa = PBXBuildFile; fileRef = D056095826394DEE00150B00 /* Date+.swift */; };
		D056095B2639503C00150B00 /* AddTodoViewController.swift in Sources */ = {isa = PBXBuildFile; fileRef = D056095A2639503C00150B00 /* AddTodoViewController.swift */; };
		D056095D263954FB00150B00 /* TodoModel.swift in Sources */ = {isa = PBXBuildFile; fileRef = D056095C263954FB00150B00 /* TodoModel.swift */; };
		D05609602639598000150B00 /* TodoTableViewCell.swift in Sources */ = {isa = PBXBuildFile; fileRef = D056095F2639598000150B00 /* TodoTableViewCell.swift */; };
		D0560975263963A200150B00 /* Print.swift in Sources */ = {isa = PBXBuildFile; fileRef = D0560967263963A200150B00 /* Print.swift */; };
		D0560976263963A200150B00 /* SideMenuAnimationController.swift in Sources */ = {isa = PBXBuildFile; fileRef = D0560968263963A200150B00 /* SideMenuAnimationController.swift */; };
		D0560977263963A200150B00 /* Initializable.swift in Sources */ = {isa = PBXBuildFile; fileRef = D0560969263963A200150B00 /* Initializable.swift */; };
		D0560978263963A200150B00 /* SideMenuInteractionController.swift in Sources */ = {isa = PBXBuildFile; fileRef = D056096A263963A200150B00 /* SideMenuInteractionController.swift */; };
		D0560979263963A200150B00 /* Deprecations.swift in Sources */ = {isa = PBXBuildFile; fileRef = D056096B263963A200150B00 /* Deprecations.swift */; };
		D056097A263963A200150B00 /* SideMenuPresentationStyle.swift in Sources */ = {isa = PBXBuildFile; fileRef = D056096C263963A200150B00 /* SideMenuPresentationStyle.swift */; };
		D056097B263963A200150B00 /* Protected.swift in Sources */ = {isa = PBXBuildFile; fileRef = D056096D263963A200150B00 /* Protected.swift */; };
		D056097C263963A200150B00 /* SideMenuPresentationController.swift in Sources */ = {isa = PBXBuildFile; fileRef = D056096E263963A200150B00 /* SideMenuPresentationController.swift */; };
		D056097D263963A200150B00 /* SideMenuManager.swift in Sources */ = {isa = PBXBuildFile; fileRef = D056096F263963A200150B00 /* SideMenuManager.swift */; };
		D056097E263963A200150B00 /* Extensions.swift in Sources */ = {isa = PBXBuildFile; fileRef = D0560970263963A200150B00 /* Extensions.swift */; };
		D056097F263963A200150B00 /* SideMenuPushCoordinator.swift in Sources */ = {isa = PBXBuildFile; fileRef = D0560971263963A200150B00 /* SideMenuPushCoordinator.swift */; };
		D0560980263963A200150B00 /* SideMenuNavigationController.swift in Sources */ = {isa = PBXBuildFile; fileRef = D0560972263963A200150B00 /* SideMenuNavigationController.swift */; };
		D0560981263963A200150B00 /* SideMenuTransitionController.swift in Sources */ = {isa = PBXBuildFile; fileRef = D0560973263963A200150B00 /* SideMenuTransitionController.swift */; };
		D0560982263963A200150B00 /* UITableViewVibrantCell.swift in Sources */ = {isa = PBXBuildFile; fileRef = D0560974263963A200150B00 /* UITableViewVibrantCell.swift */; };
		D0560984263963DB00150B00 /* MySideMenuController.swift in Sources */ = {isa = PBXBuildFile; fileRef = D0560983263963DB00150B00 /* MySideMenuController.swift */; };
		D056098A26396F5200150B00 /* Stopwatch.storyboard in Resources */ = {isa = PBXBuildFile; fileRef = D056098926396F5200150B00 /* Stopwatch.storyboard */; };
		D056098C26396F6100150B00 /* StopwatchViewController.swift in Sources */ = {isa = PBXBuildFile; fileRef = D056098B26396F6100150B00 /* StopwatchViewController.swift */; };
		D056098E26396F7A00150B00 /* ChangeLanguageViewController.swift in Sources */ = {isa = PBXBuildFile; fileRef = D056098D26396F7A00150B00 /* ChangeLanguageViewController.swift */; };
		D056099026396F8F00150B00 /* ChangeLanguage.storyboard in Resources */ = {isa = PBXBuildFile; fileRef = D056098F26396F8F00150B00 /* ChangeLanguage.storyboard */; };
		D05609922639810F00150B00 /* Localizable.swift in Sources */ = {isa = PBXBuildFile; fileRef = D05609912639810F00150B00 /* Localizable.swift */; };
		D0560995263981E500150B00 /* Localizable.strings in Resources */ = {isa = PBXBuildFile; fileRef = D0560997263981E500150B00 /* Localizable.strings */; };
		D09CCABD26380552005E38C7 /* AppDelegate.swift in Sources */ = {isa = PBXBuildFile; fileRef = D09CCABC26380552005E38C7 /* AppDelegate.swift */; };
		D09CCAC626380554005E38C7 /* Assets.xcassets in Resources */ = {isa = PBXBuildFile; fileRef = D09CCAC526380554005E38C7 /* Assets.xcassets */; };
		D09CCAC926380554005E38C7 /* LaunchScreen.storyboard in Resources */ = {isa = PBXBuildFile; fileRef = D09CCAC726380554005E38C7 /* LaunchScreen.storyboard */; };
		D09CCAD426380554005E38C7 /* Ninja_Dema_AppTests.swift in Sources */ = {isa = PBXBuildFile; fileRef = D09CCAD326380554005E38C7 /* Ninja_Dema_AppTests.swift */; };
		D09CCAEC26380F28005E38C7 /* GoogleSignIn.framework in Frameworks */ = {isa = PBXBuildFile; fileRef = D09CCAE926380F28005E38C7 /* GoogleSignIn.framework */; };
		D09CCAED26380F28005E38C7 /* GoogleSignIn.framework in Frameworks */ = {isa = PBXBuildFile; fileRef = D09CCAE926380F28005E38C7 /* GoogleSignIn.framework */; };
		D09CCAEE26380F28005E38C7 /* GoogleSignInDependencies.framework in Frameworks */ = {isa = PBXBuildFile; fileRef = D09CCAEA26380F28005E38C7 /* GoogleSignInDependencies.framework */; };
		D09CCAEF26380F28005E38C7 /* GoogleSignInDependencies.framework in Frameworks */ = {isa = PBXBuildFile; fileRef = D09CCAEA26380F28005E38C7 /* GoogleSignInDependencies.framework */; };
		D09CCAF026380F28005E38C7 /* GoogleSignIn.bundle in Resources */ = {isa = PBXBuildFile; fileRef = D09CCAEB26380F28005E38C7 /* GoogleSignIn.bundle */; };
		D09CCAF126380F28005E38C7 /* GoogleSignIn.bundle in Resources */ = {isa = PBXBuildFile; fileRef = D09CCAEB26380F28005E38C7 /* GoogleSignIn.bundle */; };
		D09CCAF426380F76005E38C7 /* LocalAuthentication.framework in Frameworks */ = {isa = PBXBuildFile; fileRef = D09CCAF326380F76005E38C7 /* LocalAuthentication.framework */; };
		D09CCAF626380F7E005E38C7 /* SafariServices.framework in Frameworks */ = {isa = PBXBuildFile; fileRef = D09CCAF526380F7E005E38C7 /* SafariServices.framework */; };
		D09CCAF826380F87005E38C7 /* AuthenticationServices.framework in Frameworks */ = {isa = PBXBuildFile; fileRef = D09CCAF726380F87005E38C7 /* AuthenticationServices.framework */; };
		D09CCAFA26380F92005E38C7 /* SystemConfiguration.framework in Frameworks */ = {isa = PBXBuildFile; fileRef = D09CCAF926380F92005E38C7 /* SystemConfiguration.framework */; };
		D09CCAFC26381321005E38C7 /* credentials.plist in Resources */ = {isa = PBXBuildFile; fileRef = D09CCAFB26381321005E38C7 /* credentials.plist */; };
		D09CCAFD26381321005E38C7 /* credentials.plist in Resources */ = {isa = PBXBuildFile; fileRef = D09CCAFB26381321005E38C7 /* credentials.plist */; };
		D09CCB0026381736005E38C7 /* LoginViewController.swift in Sources */ = {isa = PBXBuildFile; fileRef = D09CCAFF26381736005E38C7 /* LoginViewController.swift */; };
		D09CCB0126381736005E38C7 /* LoginViewController.swift in Sources */ = {isa = PBXBuildFile; fileRef = D09CCAFF26381736005E38C7 /* LoginViewController.swift */; };
		D09CCB0926383301005E38C7 /* Login.storyboard in Resources */ = {isa = PBXBuildFile; fileRef = D09CCB0826383301005E38C7 /* Login.storyboard */; };
		D09CCB0A26383301005E38C7 /* Login.storyboard in Resources */ = {isa = PBXBuildFile; fileRef = D09CCB0826383301005E38C7 /* Login.storyboard */; };
		D09CCB0E26383B7F005E38C7 /* CryptoViewController.swift in Sources */ = {isa = PBXBuildFile; fileRef = D09CCB0D26383B7F005E38C7 /* CryptoViewController.swift */; };
		D09CCB0F26383B7F005E38C7 /* CryptoViewController.swift in Sources */ = {isa = PBXBuildFile; fileRef = D09CCB0D26383B7F005E38C7 /* CryptoViewController.swift */; };
		D09CCB1126383BB5005E38C7 /* Crypto.storyboard in Resources */ = {isa = PBXBuildFile; fileRef = D09CCB1026383BB5005E38C7 /* Crypto.storyboard */; };
		D09CCB1226383BB5005E38C7 /* Crypto.storyboard in Resources */ = {isa = PBXBuildFile; fileRef = D09CCB1026383BB5005E38C7 /* Crypto.storyboard */; };
		D09CCB1526383C25005E38C7 /* UIViewController +.swift in Sources */ = {isa = PBXBuildFile; fileRef = D09CCB1426383C25005E38C7 /* UIViewController +.swift */; };
		D09CCB1626383C25005E38C7 /* UIViewController +.swift in Sources */ = {isa = PBXBuildFile; fileRef = D09CCB1426383C25005E38C7 /* UIViewController +.swift */; };
/* End PBXBuildFile section */

/* Begin PBXContainerItemProxy section */
		D09CCAD026380554005E38C7 /* PBXContainerItemProxy */ = {
			isa = PBXContainerItemProxy;
			containerPortal = D09CCAB126380552005E38C7 /* Project object */;
			proxyType = 1;
			remoteGlobalIDString = D09CCAB826380552005E38C7;
			remoteInfo = "Ninja Dema App";
		};
/* End PBXContainerItemProxy section */

/* Begin PBXFileReference section */
		D056094A263923EB00150B00 /* UILabel + Copable.swift */ = {isa = PBXFileReference; lastKnownFileType = sourcecode.swift; path = "UILabel + Copable.swift"; sourceTree = "<group>"; };
		D056094D2639279C00150B00 /* ToDoViewController.swift */ = {isa = PBXFileReference; lastKnownFileType = sourcecode.swift; path = ToDoViewController.swift; sourceTree = "<group>"; };
		D056094F263927B400150B00 /* ToDo.storyboard */ = {isa = PBXFileReference; lastKnownFileType = file.storyboard; path = ToDo.storyboard; sourceTree = "<group>"; };
		D056095526394B7400150B00 /* DateTimeTextField.swift */ = {isa = PBXFileReference; lastKnownFileType = sourcecode.swift; path = DateTimeTextField.swift; sourceTree = "<group>"; };
		D056095826394DEE00150B00 /* Date+.swift */ = {isa = PBXFileReference; lastKnownFileType = sourcecode.swift; path = "Date+.swift"; sourceTree = "<group>"; };
		D056095A2639503C00150B00 /* AddTodoViewController.swift */ = {isa = PBXFileReference; lastKnownFileType = sourcecode.swift; path = AddTodoViewController.swift; sourceTree = "<group>"; };
		D056095C263954FB00150B00 /* TodoModel.swift */ = {isa = PBXFileReference; lastKnownFileType = sourcecode.swift; path = TodoModel.swift; sourceTree = "<group>"; };
		D056095F2639598000150B00 /* TodoTableViewCell.swift */ = {isa = PBXFileReference; lastKnownFileType = sourcecode.swift; path = TodoTableViewCell.swift; sourceTree = "<group>"; };
		D0560967263963A200150B00 /* Print.swift */ = {isa = PBXFileReference; fileEncoding = 4; lastKnownFileType = sourcecode.swift; path = Print.swift; sourceTree = "<group>"; };
		D0560968263963A200150B00 /* SideMenuAnimationController.swift */ = {isa = PBXFileReference; fileEncoding = 4; lastKnownFileType = sourcecode.swift; path = SideMenuAnimationController.swift; sourceTree = "<group>"; };
		D0560969263963A200150B00 /* Initializable.swift */ = {isa = PBXFileReference; fileEncoding = 4; lastKnownFileType = sourcecode.swift; path = Initializable.swift; sourceTree = "<group>"; };
		D056096A263963A200150B00 /* SideMenuInteractionController.swift */ = {isa = PBXFileReference; fileEncoding = 4; lastKnownFileType = sourcecode.swift; path = SideMenuInteractionController.swift; sourceTree = "<group>"; };
		D056096B263963A200150B00 /* Deprecations.swift */ = {isa = PBXFileReference; fileEncoding = 4; lastKnownFileType = sourcecode.swift; path = Deprecations.swift; sourceTree = "<group>"; };
		D056096C263963A200150B00 /* SideMenuPresentationStyle.swift */ = {isa = PBXFileReference; fileEncoding = 4; lastKnownFileType = sourcecode.swift; path = SideMenuPresentationStyle.swift; sourceTree = "<group>"; };
		D056096D263963A200150B00 /* Protected.swift */ = {isa = PBXFileReference; fileEncoding = 4; lastKnownFileType = sourcecode.swift; path = Protected.swift; sourceTree = "<group>"; };
		D056096E263963A200150B00 /* SideMenuPresentationController.swift */ = {isa = PBXFileReference; fileEncoding = 4; lastKnownFileType = sourcecode.swift; path = SideMenuPresentationController.swift; sourceTree = "<group>"; };
		D056096F263963A200150B00 /* SideMenuManager.swift */ = {isa = PBXFileReference; fileEncoding = 4; lastKnownFileType = sourcecode.swift; path = SideMenuManager.swift; sourceTree = "<group>"; };
		D0560970263963A200150B00 /* Extensions.swift */ = {isa = PBXFileReference; fileEncoding = 4; lastKnownFileType = sourcecode.swift; path = Extensions.swift; sourceTree = "<group>"; };
		D0560971263963A200150B00 /* SideMenuPushCoordinator.swift */ = {isa = PBXFileReference; fileEncoding = 4; lastKnownFileType = sourcecode.swift; path = SideMenuPushCoordinator.swift; sourceTree = "<group>"; };
		D0560972263963A200150B00 /* SideMenuNavigationController.swift */ = {isa = PBXFileReference; fileEncoding = 4; lastKnownFileType = sourcecode.swift; path = SideMenuNavigationController.swift; sourceTree = "<group>"; };
		D0560973263963A200150B00 /* SideMenuTransitionController.swift */ = {isa = PBXFileReference; fileEncoding = 4; lastKnownFileType = sourcecode.swift; path = SideMenuTransitionController.swift; sourceTree = "<group>"; };
		D0560974263963A200150B00 /* UITableViewVibrantCell.swift */ = {isa = PBXFileReference; fileEncoding = 4; lastKnownFileType = sourcecode.swift; path = UITableViewVibrantCell.swift; sourceTree = "<group>"; };
		D0560983263963DB00150B00 /* MySideMenuController.swift */ = {isa = PBXFileReference; lastKnownFileType = sourcecode.swift; path = MySideMenuController.swift; sourceTree = "<group>"; };
		D056098926396F5200150B00 /* Stopwatch.storyboard */ = {isa = PBXFileReference; lastKnownFileType = file.storyboard; path = Stopwatch.storyboard; sourceTree = "<group>"; };
		D056098B26396F6100150B00 /* StopwatchViewController.swift */ = {isa = PBXFileReference; lastKnownFileType = sourcecode.swift; path = StopwatchViewController.swift; sourceTree = "<group>"; };
		D056098D26396F7A00150B00 /* ChangeLanguageViewController.swift */ = {isa = PBXFileReference; lastKnownFileType = sourcecode.swift; path = ChangeLanguageViewController.swift; sourceTree = "<group>"; };
		D056098F26396F8F00150B00 /* ChangeLanguage.storyboard */ = {isa = PBXFileReference; lastKnownFileType = file.storyboard; path = ChangeLanguage.storyboard; sourceTree = "<group>"; };
		D05609912639810F00150B00 /* Localizable.swift */ = {isa = PBXFileReference; lastKnownFileType = sourcecode.swift; path = Localizable.swift; sourceTree = "<group>"; };
		D0560996263981E500150B00 /* en */ = {isa = PBXFileReference; lastKnownFileType = text.plist.strings; name = en; path = en.lproj/Localizable.strings; sourceTree = "<group>"; };
		D05609982639821900150B00 /* ar */ = {isa = PBXFileReference; lastKnownFileType = text.plist.strings; name = ar; path = ar.lproj/Localizable.strings; sourceTree = "<group>"; };
		D09CCAB926380552005E38C7 /* Ninja Dema App.app */ = {isa = PBXFileReference; explicitFileType = wrapper.application; includeInIndex = 0; path = "Ninja Dema App.app"; sourceTree = BUILT_PRODUCTS_DIR; };
		D09CCABC26380552005E38C7 /* AppDelegate.swift */ = {isa = PBXFileReference; lastKnownFileType = sourcecode.swift; path = AppDelegate.swift; sourceTree = "<group>"; };
		D09CCAC526380554005E38C7 /* Assets.xcassets */ = {isa = PBXFileReference; lastKnownFileType = folder.assetcatalog; path = Assets.xcassets; sourceTree = "<group>"; };
		D09CCAC826380554005E38C7 /* Base */ = {isa = PBXFileReference; lastKnownFileType = file.storyboard; name = Base; path = Base.lproj/LaunchScreen.storyboard; sourceTree = "<group>"; };
		D09CCACA26380554005E38C7 /* Info.plist */ = {isa = PBXFileReference; lastKnownFileType = text.plist.xml; path = Info.plist; sourceTree = "<group>"; };
		D09CCACF26380554005E38C7 /* Ninja Dema AppTests.xctest */ = {isa = PBXFileReference; explicitFileType = wrapper.cfbundle; includeInIndex = 0; path = "Ninja Dema AppTests.xctest"; sourceTree = BUILT_PRODUCTS_DIR; };
		D09CCAD326380554005E38C7 /* Ninja_Dema_AppTests.swift */ = {isa = PBXFileReference; lastKnownFileType = sourcecode.swift; path = Ninja_Dema_AppTests.swift; sourceTree = "<group>"; };
		D09CCAD526380554005E38C7 /* Info.plist */ = {isa = PBXFileReference; lastKnownFileType = text.plist.xml; path = Info.plist; sourceTree = "<group>"; };
		D09CCAE926380F28005E38C7 /* GoogleSignIn.framework */ = {isa = PBXFileReference; lastKnownFileType = wrapper.framework; path = GoogleSignIn.framework; sourceTree = "<group>"; };
		D09CCAEA26380F28005E38C7 /* GoogleSignInDependencies.framework */ = {isa = PBXFileReference; lastKnownFileType = wrapper.framework; path = GoogleSignInDependencies.framework; sourceTree = "<group>"; };
		D09CCAEB26380F28005E38C7 /* GoogleSignIn.bundle */ = {isa = PBXFileReference; lastKnownFileType = "wrapper.plug-in"; path = GoogleSignIn.bundle; sourceTree = "<group>"; };
		D09CCAF326380F76005E38C7 /* LocalAuthentication.framework */ = {isa = PBXFileReference; lastKnownFileType = wrapper.framework; name = LocalAuthentication.framework; path = System/Library/Frameworks/LocalAuthentication.framework; sourceTree = SDKROOT; };
		D09CCAF526380F7E005E38C7 /* SafariServices.framework */ = {isa = PBXFileReference; lastKnownFileType = wrapper.framework; name = SafariServices.framework; path = System/Library/Frameworks/SafariServices.framework; sourceTree = SDKROOT; };
		D09CCAF726380F87005E38C7 /* AuthenticationServices.framework */ = {isa = PBXFileReference; lastKnownFileType = wrapper.framework; name = AuthenticationServices.framework; path = System/Library/Frameworks/AuthenticationServices.framework; sourceTree = SDKROOT; };
		D09CCAF926380F92005E38C7 /* SystemConfiguration.framework */ = {isa = PBXFileReference; lastKnownFileType = wrapper.framework; name = SystemConfiguration.framework; path = System/Library/Frameworks/SystemConfiguration.framework; sourceTree = SDKROOT; };
		D09CCAFB26381321005E38C7 /* credentials.plist */ = {isa = PBXFileReference; fileEncoding = 4; lastKnownFileType = text.plist.xml; path = credentials.plist; sourceTree = "<group>"; };
		D09CCAFF26381736005E38C7 /* LoginViewController.swift */ = {isa = PBXFileReference; lastKnownFileType = sourcecode.swift; path = LoginViewController.swift; sourceTree = "<group>"; };
		D09CCB0826383301005E38C7 /* Login.storyboard */ = {isa = PBXFileReference; lastKnownFileType = file.storyboard; path = Login.storyboard; sourceTree = "<group>"; };
		D09CCB0D26383B7F005E38C7 /* CryptoViewController.swift */ = {isa = PBXFileReference; lastKnownFileType = sourcecode.swift; path = CryptoViewController.swift; sourceTree = "<group>"; };
		D09CCB1026383BB5005E38C7 /* Crypto.storyboard */ = {isa = PBXFileReference; lastKnownFileType = file.storyboard; path = Crypto.storyboard; sourceTree = "<group>"; };
		D09CCB1426383C25005E38C7 /* UIViewController +.swift */ = {isa = PBXFileReference; lastKnownFileType = sourcecode.swift; path = "UIViewController +.swift"; sourceTree = "<group>"; };
/* End PBXFileReference section */

/* Begin PBXFrameworksBuildPhase section */
		D09CCAB626380552005E38C7 /* Frameworks */ = {
			isa = PBXFrameworksBuildPhase;
			buildActionMask = 2147483647;
			files = (
				D09CCAEE26380F28005E38C7 /* GoogleSignInDependencies.framework in Frameworks */,
				D09CCAF826380F87005E38C7 /* AuthenticationServices.framework in Frameworks */,
				D09CCAF426380F76005E38C7 /* LocalAuthentication.framework in Frameworks */,
				D09CCAF626380F7E005E38C7 /* SafariServices.framework in Frameworks */,
				D09CCAFA26380F92005E38C7 /* SystemConfiguration.framework in Frameworks */,
				D09CCAEC26380F28005E38C7 /* GoogleSignIn.framework in Frameworks */,
			);
			runOnlyForDeploymentPostprocessing = 0;
		};
		D09CCACC26380554005E38C7 /* Frameworks */ = {
			isa = PBXFrameworksBuildPhase;
			buildActionMask = 2147483647;
			files = (
				D09CCAEF26380F28005E38C7 /* GoogleSignInDependencies.framework in Frameworks */,
				D09CCAED26380F28005E38C7 /* GoogleSignIn.framework in Frameworks */,
			);
			runOnlyForDeploymentPostprocessing = 0;
		};
/* End PBXFrameworksBuildPhase section */

/* Begin PBXGroup section */
		D0560948263923B600150B00 /* UIVIewController */ = {
			isa = PBXGroup;
			children = (
				D09CCB1426383C25005E38C7 /* UIViewController +.swift */,
			);
			path = UIVIewController;
			sourceTree = "<group>";
		};
		D0560949263923C400150B00 /* UILabel */ = {
			isa = PBXGroup;
			children = (
				D056094A263923EB00150B00 /* UILabel + Copable.swift */,
			);
			path = UILabel;
			sourceTree = "<group>";
		};
		D056094C2639277900150B00 /* To-Do List */ = {
			isa = PBXGroup;
			children = (
				D056095E2639596100150B00 /* ToDoTVCell */,
				D056094D2639279C00150B00 /* ToDoViewController.swift */,
				D056094F263927B400150B00 /* ToDo.storyboard */,
				D056095A2639503C00150B00 /* AddTodoViewController.swift */,
				D056095C263954FB00150B00 /* TodoModel.swift */,
			);
			path = "To-Do List";
			sourceTree = "<group>";
		};
		D056095426394B5800150B00 /* UITextField */ = {
			isa = PBXGroup;
			children = (
				D056095526394B7400150B00 /* DateTimeTextField.swift */,
			);
			path = UITextField;
			sourceTree = "<group>";
		};
		D056095726394DDD00150B00 /* Date */ = {
			isa = PBXGroup;
			children = (
				D056095826394DEE00150B00 /* Date+.swift */,
			);
			path = Date;
			sourceTree = "<group>";
		};
		D056095E2639596100150B00 /* ToDoTVCell */ = {
			isa = PBXGroup;
			children = (
				D056095F2639598000150B00 /* TodoTableViewCell.swift */,
			);
			path = ToDoTVCell;
			sourceTree = "<group>";
		};
		D056096126395ED200150B00 /* SideViewController */ = {
			isa = PBXGroup;
			children = (
				D0560966263963A200150B00 /* SideMenu */,
				D0560983263963DB00150B00 /* MySideMenuController.swift */,
			);
			path = SideViewController;
			sourceTree = "<group>";
		};
		D0560966263963A200150B00 /* SideMenu */ = {
			isa = PBXGroup;
			children = (
				D0560967263963A200150B00 /* Print.swift */,
				D0560968263963A200150B00 /* SideMenuAnimationController.swift */,
				D0560969263963A200150B00 /* Initializable.swift */,
				D056096A263963A200150B00 /* SideMenuInteractionController.swift */,
				D056096B263963A200150B00 /* Deprecations.swift */,
				D056096C263963A200150B00 /* SideMenuPresentationStyle.swift */,
				D056096D263963A200150B00 /* Protected.swift */,
				D056096E263963A200150B00 /* SideMenuPresentationController.swift */,
				D056096F263963A200150B00 /* SideMenuManager.swift */,
				D0560970263963A200150B00 /* Extensions.swift */,
				D0560971263963A200150B00 /* SideMenuPushCoordinator.swift */,
				D0560972263963A200150B00 /* SideMenuNavigationController.swift */,
				D0560973263963A200150B00 /* SideMenuTransitionController.swift */,
				D0560974263963A200150B00 /* UITableViewVibrantCell.swift */,
			);
			path = SideMenu;
			sourceTree = "<group>";
		};
		D056098726396F2900150B00 /* StopWatch */ = {
			isa = PBXGroup;
			children = (
				D056098926396F5200150B00 /* Stopwatch.storyboard */,
				D056098B26396F6100150B00 /* StopwatchViewController.swift */,
			);
			path = StopWatch;
			sourceTree = "<group>";
		};
		D056098826396F3200150B00 /* ChangeLanguage */ = {
			isa = PBXGroup;
			children = (
				D056098D26396F7A00150B00 /* ChangeLanguageViewController.swift */,
				D056098F26396F8F00150B00 /* ChangeLanguage.storyboard */,
				D05609912639810F00150B00 /* Localizable.swift */,
				D0560997263981E500150B00 /* Localizable.strings */,
			);
			path = ChangeLanguage;
			sourceTree = "<group>";
		};
		D09CCAB026380552005E38C7 = {
			isa = PBXGroup;
			children = (
				D09CCABB26380552005E38C7 /* Ninja Dema App */,
				D09CCAD226380554005E38C7 /* Ninja Dema AppTests */,
				D09CCABA26380552005E38C7 /* Products */,
				D09CCAF226380F76005E38C7 /* Frameworks */,
			);
			sourceTree = "<group>";
		};
		D09CCABA26380552005E38C7 /* Products */ = {
			isa = PBXGroup;
			children = (
				D09CCAB926380552005E38C7 /* Ninja Dema App.app */,
				D09CCACF26380554005E38C7 /* Ninja Dema AppTests.xctest */,
			);
			name = Products;
			sourceTree = "<group>";
		};
		D09CCABB26380552005E38C7 /* Ninja Dema App */ = {
			isa = PBXGroup;
			children = (
				D056098826396F3200150B00 /* ChangeLanguage */,
				D056098726396F2900150B00 /* StopWatch */,
				D056096126395ED200150B00 /* SideViewController */,
				D056094C2639277900150B00 /* To-Do List */,
				D09CCB1326383C0F005E38C7 /* Extensions */,
				D09CCB0C26383A7A005E38C7 /* Encrption & Decryption */,
				D09CCAFE263815B3005E38C7 /* Login */,
				D09CCADF26380EC9005E38C7 /* Google Signin Framework */,
				D09CCADE263807C2005E38C7 /* Resources & plist files */,
				D09CCABC26380552005E38C7 /* AppDelegate.swift */,
				D09CCAC726380554005E38C7 /* LaunchScreen.storyboard */,
			);
			path = "Ninja Dema App";
			sourceTree = "<group>";
		};
		D09CCAD226380554005E38C7 /* Ninja Dema AppTests */ = {
			isa = PBXGroup;
			children = (
				D09CCAD326380554005E38C7 /* Ninja_Dema_AppTests.swift */,
				D09CCAD526380554005E38C7 /* Info.plist */,
			);
			path = "Ninja Dema AppTests";
			sourceTree = "<group>";
		};
		D09CCADE263807C2005E38C7 /* Resources & plist files */ = {
			isa = PBXGroup;
			children = (
				D09CCAC526380554005E38C7 /* Assets.xcassets */,
				D09CCAFB26381321005E38C7 /* credentials.plist */,
				D09CCACA26380554005E38C7 /* Info.plist */,
			);
			path = "Resources & plist files";
			sourceTree = "<group>";
		};
		D09CCADF26380EC9005E38C7 /* Google Signin Framework */ = {
			isa = PBXGroup;
			children = (
				D09CCAEB26380F28005E38C7 /* GoogleSignIn.bundle */,
				D09CCAE926380F28005E38C7 /* GoogleSignIn.framework */,
				D09CCAEA26380F28005E38C7 /* GoogleSignInDependencies.framework */,
			);
			path = "Google Signin Framework";
			sourceTree = "<group>";
		};
		D09CCAF226380F76005E38C7 /* Frameworks */ = {
			isa = PBXGroup;
			children = (
				D09CCAF926380F92005E38C7 /* SystemConfiguration.framework */,
				D09CCAF726380F87005E38C7 /* AuthenticationServices.framework */,
				D09CCAF526380F7E005E38C7 /* SafariServices.framework */,
				D09CCAF326380F76005E38C7 /* LocalAuthentication.framework */,
			);
			name = Frameworks;
			sourceTree = "<group>";
		};
		D09CCAFE263815B3005E38C7 /* Login */ = {
			isa = PBXGroup;
			children = (
				D09CCAFF26381736005E38C7 /* LoginViewController.swift */,
				D09CCB0826383301005E38C7 /* Login.storyboard */,
			);
			path = Login;
			sourceTree = "<group>";
		};
		D09CCB0C26383A7A005E38C7 /* Encrption & Decryption */ = {
			isa = PBXGroup;
			children = (
				D09CCB0D26383B7F005E38C7 /* CryptoViewController.swift */,
				D09CCB1026383BB5005E38C7 /* Crypto.storyboard */,
			);
			path = "Encrption & Decryption";
			sourceTree = "<group>";
		};
		D09CCB1326383C0F005E38C7 /* Extensions */ = {
			isa = PBXGroup;
			children = (
				D056095726394DDD00150B00 /* Date */,
				D056095426394B5800150B00 /* UITextField */,
				D0560949263923C400150B00 /* UILabel */,
				D0560948263923B600150B00 /* UIVIewController */,
			);
			path = Extensions;
			sourceTree = "<group>";
		};
/* End PBXGroup section */

/* Begin PBXNativeTarget section */
		D09CCAB826380552005E38C7 /* Ninja Dema App */ = {
			isa = PBXNativeTarget;
			buildConfigurationList = D09CCAD826380554005E38C7 /* Build configuration list for PBXNativeTarget "Ninja Dema App" */;
			buildPhases = (
				D09CCAB526380552005E38C7 /* Sources */,
				D09CCAB626380552005E38C7 /* Frameworks */,
				D09CCAB726380552005E38C7 /* Resources */,
			);
			buildRules = (
			);
			dependencies = (
			);
			name = "Ninja Dema App";
			productName = "Ninja Dema App";
			productReference = D09CCAB926380552005E38C7 /* Ninja Dema App.app */;
			productType = "com.apple.product-type.application";
		};
		D09CCACE26380554005E38C7 /* Ninja Dema AppTests */ = {
			isa = PBXNativeTarget;
			buildConfigurationList = D09CCADB26380554005E38C7 /* Build configuration list for PBXNativeTarget "Ninja Dema AppTests" */;
			buildPhases = (
				D09CCACB26380554005E38C7 /* Sources */,
				D09CCACC26380554005E38C7 /* Frameworks */,
				D09CCACD26380554005E38C7 /* Resources */,
			);
			buildRules = (
			);
			dependencies = (
				D09CCAD126380554005E38C7 /* PBXTargetDependency */,
			);
			name = "Ninja Dema AppTests";
			productName = "Ninja Dema AppTests";
			productReference = D09CCACF26380554005E38C7 /* Ninja Dema AppTests.xctest */;
			productType = "com.apple.product-type.bundle.unit-test";
		};
/* End PBXNativeTarget section */

/* Begin PBXProject section */
		D09CCAB126380552005E38C7 /* Project object */ = {
			isa = PBXProject;
			attributes = {
				LastSwiftUpdateCheck = 1120;
				LastUpgradeCheck = 1120;
				ORGANIZATIONNAME = "Ninja Dema App";
				TargetAttributes = {
					D09CCAB826380552005E38C7 = {
						CreatedOnToolsVersion = 11.2.1;
					};
					D09CCACE26380554005E38C7 = {
						CreatedOnToolsVersion = 11.2.1;
						TestTargetID = D09CCAB826380552005E38C7;
					};
				};
			};
			buildConfigurationList = D09CCAB426380552005E38C7 /* Build configuration list for PBXProject "Ninja Dema App" */;
			compatibilityVersion = "Xcode 9.3";
			developmentRegion = en;
			hasScannedForEncodings = 0;
			knownRegions = (
				en,
				Base,
				ar,
			);
			mainGroup = D09CCAB026380552005E38C7;
			productRefGroup = D09CCABA26380552005E38C7 /* Products */;
			projectDirPath = "";
			projectRoot = "";
			targets = (
				D09CCAB826380552005E38C7 /* Ninja Dema App */,
				D09CCACE26380554005E38C7 /* Ninja Dema AppTests */,
			);
		};
/* End PBXProject section */

/* Begin PBXResourcesBuildPhase section */
		D09CCAB726380552005E38C7 /* Resources */ = {
			isa = PBXResourcesBuildPhase;
			buildActionMask = 2147483647;
			files = (
				D09CCAF026380F28005E38C7 /* GoogleSignIn.bundle in Resources */,
				D056098A26396F5200150B00 /* Stopwatch.storyboard in Resources */,
				D056099026396F8F00150B00 /* ChangeLanguage.storyboard in Resources */,
				D09CCAC926380554005E38C7 /* LaunchScreen.storyboard in Resources */,
				D09CCB0926383301005E38C7 /* Login.storyboard in Resources */,
				D0560995263981E500150B00 /* Localizable.strings in Resources */,
				D0560950263927B400150B00 /* ToDo.storyboard in Resources */,
				D09CCAFC26381321005E38C7 /* credentials.plist in Resources */,
				D09CCAC626380554005E38C7 /* Assets.xcassets in Resources */,
				D09CCB1126383BB5005E38C7 /* Crypto.storyboard in Resources */,
			);
			runOnlyForDeploymentPostprocessing = 0;
		};
		D09CCACD26380554005E38C7 /* Resources */ = {
			isa = PBXResourcesBuildPhase;
			buildActionMask = 2147483647;
			files = (
				D09CCAF126380F28005E38C7 /* GoogleSignIn.bundle in Resources */,
				D09CCB1226383BB5005E38C7 /* Crypto.storyboard in Resources */,
				D09CCAFD26381321005E38C7 /* credentials.plist in Resources */,
				D09CCB0A26383301005E38C7 /* Login.storyboard in Resources */,
			);
			runOnlyForDeploymentPostprocessing = 0;
		};
/* End PBXResourcesBuildPhase section */

/* Begin PBXSourcesBuildPhase section */
		D09CCAB526380552005E38C7 /* Sources */ = {
			isa = PBXSourcesBuildPhase;
			buildActionMask = 2147483647;
			files = (
				D056094B263923EB00150B00 /* UILabel + Copable.swift in Sources */,
				D0560977263963A200150B00 /* Initializable.swift in Sources */,
				D056094E2639279C00150B00 /* ToDoViewController.swift in Sources */,
				D09CCB0026381736005E38C7 /* LoginViewController.swift in Sources */,
				D056097B263963A200150B00 /* Protected.swift in Sources */,
				D0560979263963A200150B00 /* Deprecations.swift in Sources */,
				D056098E26396F7A00150B00 /* ChangeLanguageViewController.swift in Sources */,
				D0560975263963A200150B00 /* Print.swift in Sources */,
				D05609922639810F00150B00 /* Localizable.swift in Sources */,
				D0560980263963A200150B00 /* SideMenuNavigationController.swift in Sources */,
				D0560982263963A200150B00 /* UITableViewVibrantCell.swift in Sources */,
				D056095D263954FB00150B00 /* TodoModel.swift in Sources */,
				D09CCABD26380552005E38C7 /* AppDelegate.swift in Sources */,
				D056097F263963A200150B00 /* SideMenuPushCoordinator.swift in Sources */,
				D056097E263963A200150B00 /* Extensions.swift in Sources */,
				D056095B2639503C00150B00 /* AddTodoViewController.swift in Sources */,
				D09CCB0E26383B7F005E38C7 /* CryptoViewController.swift in Sources */,
				D05609602639598000150B00 /* TodoTableViewCell.swift in Sources */,
				D056097A263963A200150B00 /* SideMenuPresentationStyle.swift in Sources */,
				D056097C263963A200150B00 /* SideMenuPresentationController.swift in Sources */,
				D0560981263963A200150B00 /* SideMenuTransitionController.swift in Sources */,
				D0560984263963DB00150B00 /* MySideMenuController.swift in Sources */,
				D056095626394B7400150B00 /* DateTimeTextField.swift in Sources */,
				D056098C26396F6100150B00 /* StopwatchViewController.swift in Sources */,
				D09CCB1526383C25005E38C7 /* UIViewController +.swift in Sources */,
				D0560978263963A200150B00 /* SideMenuInteractionController.swift in Sources */,
				D056095926394DEE00150B00 /* Date+.swift in Sources */,
				D0560976263963A200150B00 /* SideMenuAnimationController.swift in Sources */,
				D056097D263963A200150B00 /* SideMenuManager.swift in Sources */,
			);
			runOnlyForDeploymentPostprocessing = 0;
		};
		D09CCACB26380554005E38C7 /* Sources */ = {
			isa = PBXSourcesBuildPhase;
			buildActionMask = 2147483647;
			files = (
				D09CCB0126381736005E38C7 /* LoginViewController.swift in Sources */,
				D09CCAD426380554005E38C7 /* Ninja_Dema_AppTests.swift in Sources */,
				D09CCB0F26383B7F005E38C7 /* CryptoViewController.swift in Sources */,
				D09CCB1626383C25005E38C7 /* UIViewController +.swift in Sources */,
			);
			runOnlyForDeploymentPostprocessing = 0;
		};
/* End PBXSourcesBuildPhase section */

/* Begin PBXTargetDependency section */
		D09CCAD126380554005E38C7 /* PBXTargetDependency */ = {
			isa = PBXTargetDependency;
			target = D09CCAB826380552005E38C7 /* Ninja Dema App */;
			targetProxy = D09CCAD026380554005E38C7 /* PBXContainerItemProxy */;
		};
/* End PBXTargetDependency section */

/* Begin PBXVariantGroup section */
		D0560997263981E500150B00 /* Localizable.strings */ = {
			isa = PBXVariantGroup;
			children = (
				D0560996263981E500150B00 /* en */,
				D05609982639821900150B00 /* ar */,
			);
			name = Localizable.strings;
			sourceTree = "<group>";
		};
		D09CCAC726380554005E38C7 /* LaunchScreen.storyboard */ = {
			isa = PBXVariantGroup;
			children = (
				D09CCAC826380554005E38C7 /* Base */,
			);
			name = LaunchScreen.storyboard;
			sourceTree = "<group>";
		};
/* End PBXVariantGroup section */

/* Begin XCBuildConfiguration section */
		D09CCAD626380554005E38C7 /* Debug */ = {
			isa = XCBuildConfiguration;
			buildSettings = {
				ALWAYS_SEARCH_USER_PATHS = NO;
				CLANG_ANALYZER_LOCALIZABILITY_NONLOCALIZED = YES;
				CLANG_ANALYZER_NONNULL = YES;
				CLANG_ANALYZER_NUMBER_OBJECT_CONVERSION = YES_AGGRESSIVE;
				CLANG_CXX_LANGUAGE_STANDARD = "gnu++14";
				CLANG_CXX_LIBRARY = "libc++";
				CLANG_ENABLE_MODULES = YES;
				CLANG_ENABLE_OBJC_ARC = YES;
				CLANG_ENABLE_OBJC_WEAK = YES;
				CLANG_WARN_BLOCK_CAPTURE_AUTORELEASING = YES;
				CLANG_WARN_BOOL_CONVERSION = YES;
				CLANG_WARN_COMMA = YES;
				CLANG_WARN_CONSTANT_CONVERSION = YES;
				CLANG_WARN_DEPRECATED_OBJC_IMPLEMENTATIONS = YES;
				CLANG_WARN_DIRECT_OBJC_ISA_USAGE = YES_ERROR;
				CLANG_WARN_DOCUMENTATION_COMMENTS = YES;
				CLANG_WARN_EMPTY_BODY = YES;
				CLANG_WARN_ENUM_CONVERSION = YES;
				CLANG_WARN_INFINITE_RECURSION = YES;
				CLANG_WARN_INT_CONVERSION = YES;
				CLANG_WARN_NON_LITERAL_NULL_CONVERSION = YES;
				CLANG_WARN_OBJC_IMPLICIT_RETAIN_SELF = YES;
				CLANG_WARN_OBJC_LITERAL_CONVERSION = YES;
				CLANG_WARN_OBJC_ROOT_CLASS = YES_ERROR;
				CLANG_WARN_RANGE_LOOP_ANALYSIS = YES;
				CLANG_WARN_STRICT_PROTOTYPES = YES;
				CLANG_WARN_SUSPICIOUS_MOVE = YES;
				CLANG_WARN_UNGUARDED_AVAILABILITY = YES_AGGRESSIVE;
				CLANG_WARN_UNREACHABLE_CODE = YES;
				CLANG_WARN__DUPLICATE_METHOD_MATCH = YES;
				COPY_PHASE_STRIP = NO;
				DEBUG_INFORMATION_FORMAT = dwarf;
				ENABLE_STRICT_OBJC_MSGSEND = YES;
				ENABLE_TESTABILITY = YES;
				GCC_C_LANGUAGE_STANDARD = gnu11;
				GCC_DYNAMIC_NO_PIC = NO;
				GCC_NO_COMMON_BLOCKS = YES;
				GCC_OPTIMIZATION_LEVEL = 0;
				GCC_PREPROCESSOR_DEFINITIONS = (
					"DEBUG=1",
					"$(inherited)",
				);
				GCC_WARN_64_TO_32_BIT_CONVERSION = YES;
				GCC_WARN_ABOUT_RETURN_TYPE = YES_ERROR;
				GCC_WARN_UNDECLARED_SELECTOR = YES;
				GCC_WARN_UNINITIALIZED_AUTOS = YES_AGGRESSIVE;
				GCC_WARN_UNUSED_FUNCTION = YES;
				GCC_WARN_UNUSED_VARIABLE = YES;
				IPHONEOS_DEPLOYMENT_TARGET = 13.2;
				MTL_ENABLE_DEBUG_INFO = INCLUDE_SOURCE;
				MTL_FAST_MATH = YES;
				ONLY_ACTIVE_ARCH = YES;
				SDKROOT = iphoneos;
				SWIFT_ACTIVE_COMPILATION_CONDITIONS = DEBUG;
				SWIFT_OPTIMIZATION_LEVEL = "-Onone";
			};
			name = Debug;
		};
		D09CCAD726380554005E38C7 /* Release */ = {
			isa = XCBuildConfiguration;
			buildSettings = {
				ALWAYS_SEARCH_USER_PATHS = NO;
				CLANG_ANALYZER_LOCALIZABILITY_NONLOCALIZED = YES;
				CLANG_ANALYZER_NONNULL = YES;
				CLANG_ANALYZER_NUMBER_OBJECT_CONVERSION = YES_AGGRESSIVE;
				CLANG_CXX_LANGUAGE_STANDARD = "gnu++14";
				CLANG_CXX_LIBRARY = "libc++";
				CLANG_ENABLE_MODULES = YES;
				CLANG_ENABLE_OBJC_ARC = YES;
				CLANG_ENABLE_OBJC_WEAK = YES;
				CLANG_WARN_BLOCK_CAPTURE_AUTORELEASING = YES;
				CLANG_WARN_BOOL_CONVERSION = YES;
				CLANG_WARN_COMMA = YES;
				CLANG_WARN_CONSTANT_CONVERSION = YES;
				CLANG_WARN_DEPRECATED_OBJC_IMPLEMENTATIONS = YES;
				CLANG_WARN_DIRECT_OBJC_ISA_USAGE = YES_ERROR;
				CLANG_WARN_DOCUMENTATION_COMMENTS = YES;
				CLANG_WARN_EMPTY_BODY = YES;
				CLANG_WARN_ENUM_CONVERSION = YES;
				CLANG_WARN_INFINITE_RECURSION = YES;
				CLANG_WARN_INT_CONVERSION = YES;
				CLANG_WARN_NON_LITERAL_NULL_CONVERSION = YES;
				CLANG_WARN_OBJC_IMPLICIT_RETAIN_SELF = YES;
				CLANG_WARN_OBJC_LITERAL_CONVERSION = YES;
				CLANG_WARN_OBJC_ROOT_CLASS = YES_ERROR;
				CLANG_WARN_RANGE_LOOP_ANALYSIS = YES;
				CLANG_WARN_STRICT_PROTOTYPES = YES;
				CLANG_WARN_SUSPICIOUS_MOVE = YES;
				CLANG_WARN_UNGUARDED_AVAILABILITY = YES_AGGRESSIVE;
				CLANG_WARN_UNREACHABLE_CODE = YES;
				CLANG_WARN__DUPLICATE_METHOD_MATCH = YES;
				COPY_PHASE_STRIP = NO;
				DEBUG_INFORMATION_FORMAT = "dwarf-with-dsym";
				ENABLE_NS_ASSERTIONS = NO;
				ENABLE_STRICT_OBJC_MSGSEND = YES;
				GCC_C_LANGUAGE_STANDARD = gnu11;
				GCC_NO_COMMON_BLOCKS = YES;
				GCC_WARN_64_TO_32_BIT_CONVERSION = YES;
				GCC_WARN_ABOUT_RETURN_TYPE = YES_ERROR;
				GCC_WARN_UNDECLARED_SELECTOR = YES;
				GCC_WARN_UNINITIALIZED_AUTOS = YES_AGGRESSIVE;
				GCC_WARN_UNUSED_FUNCTION = YES;
				GCC_WARN_UNUSED_VARIABLE = YES;
				IPHONEOS_DEPLOYMENT_TARGET = 13.2;
				MTL_ENABLE_DEBUG_INFO = NO;
				MTL_FAST_MATH = YES;
				SDKROOT = iphoneos;
				SWIFT_COMPILATION_MODE = wholemodule;
				SWIFT_OPTIMIZATION_LEVEL = "-O";
				VALIDATE_PRODUCT = YES;
			};
			name = Release;
		};
		D09CCAD926380554005E38C7 /* Debug */ = {
			isa = XCBuildConfiguration;
			buildSettings = {
				ASSETCATALOG_COMPILER_APPICON_NAME = AppIcon;
				CODE_SIGN_STYLE = Manual;
				DEVELOPMENT_TEAM = "";
				FRAMEWORK_SEARCH_PATHS = (
					"$(inherited)",
					"$(PROJECT_DIR)/Ninja\\ Dema\\ App/Google\\ Signin\\ Framework",
					"$(PROJECT_DIR)/Ninja\\ Dema\\ App/Google\\ Signin\\ Framework",
					"$(PROJECT_DIR)/Ninja\\ Dema\\ App/Google\\ Signin\\ Framework",
					"$(PROJECT_DIR)/Ninja\\ Dema\\ App/Google\\ Signin\\ Framework",
				);
				INFOPLIST_FILE = "Ninja Dema App/Resources & plist files/Info.plist";
				IPHONEOS_DEPLOYMENT_TARGET = 12.0;
				LD_RUNPATH_SEARCH_PATHS = (
					"$(inherited)",
					"@executable_path/Frameworks",
				);
				OTHER_LDFLAGS = (
					"$(OTHER_LDFLAGS)",
					"-ObjC",
				);
				PRODUCT_BUNDLE_IDENTIFIER = "com.ninjademoapp.Ninja-Dema-App";
				PRODUCT_NAME = "$(TARGET_NAME)";
				PROVISIONING_PROFILE_SPECIFIER = "";
				SWIFT_VERSION = 5.0;
				TARGETED_DEVICE_FAMILY = "1,2";
			};
			name = Debug;
		};
		D09CCADA26380554005E38C7 /* Release */ = {
			isa = XCBuildConfiguration;
			buildSettings = {
				ASSETCATALOG_COMPILER_APPICON_NAME = AppIcon;
				CODE_SIGN_STYLE = Manual;
				DEVELOPMENT_TEAM = "";
				FRAMEWORK_SEARCH_PATHS = (
					"$(inherited)",
					"$(PROJECT_DIR)/Ninja\\ Dema\\ App/Google\\ Signin\\ Framework",
					"$(PROJECT_DIR)/Ninja\\ Dema\\ App/Google\\ Signin\\ Framework",
					"$(PROJECT_DIR)/Ninja\\ Dema\\ App/Google\\ Signin\\ Framework",
					"$(PROJECT_DIR)/Ninja\\ Dema\\ App/Google\\ Signin\\ Framework",
				);
				INFOPLIST_FILE = "Ninja Dema App/Resources & plist files/Info.plist";
				IPHONEOS_DEPLOYMENT_TARGET = 12.0;
				LD_RUNPATH_SEARCH_PATHS = (
					"$(inherited)",
					"@executable_path/Frameworks",
				);
				OTHER_LDFLAGS = (
					"$(OTHER_LDFLAGS)",
					"-ObjC",
				);
				PRODUCT_BUNDLE_IDENTIFIER = "com.ninjademoapp.Ninja-Dema-App";
				PRODUCT_NAME = "$(TARGET_NAME)";
				PROVISIONING_PROFILE_SPECIFIER = "";
				SWIFT_VERSION = 5.0;
				TARGETED_DEVICE_FAMILY = "1,2";
			};
			name = Release;
		};
		D09CCADC26380554005E38C7 /* Debug */ = {
			isa = XCBuildConfiguration;
			buildSettings = {
				ALWAYS_EMBED_SWIFT_STANDARD_LIBRARIES = YES;
				BUNDLE_LOADER = "$(TEST_HOST)";
				CODE_SIGN_STYLE = Automatic;
				FRAMEWORK_SEARCH_PATHS = (
					"$(inherited)",
					"$(PROJECT_DIR)/Ninja\\ Dema\\ App/Google\\ Signin\\ Framework",
					"$(PROJECT_DIR)/Ninja\\ Dema\\ App/Google\\ Signin\\ Framework",
					"$(PROJECT_DIR)/Ninja\\ Dema\\ App/Google\\ Signin\\ Framework",
					"$(PROJECT_DIR)/Ninja\\ Dema\\ App/Google\\ Signin\\ Framework",
				);
				INFOPLIST_FILE = "Ninja Dema AppTests/Info.plist";
				IPHONEOS_DEPLOYMENT_TARGET = 13.2;
				LD_RUNPATH_SEARCH_PATHS = (
					"$(inherited)",
					"@executable_path/Frameworks",
					"@loader_path/Frameworks",
				);
				PRODUCT_BUNDLE_IDENTIFIER = "com.ninjademoapp.Ninja-Dema-AppTests";
				PRODUCT_NAME = "$(TARGET_NAME)";
				SWIFT_VERSION = 5.0;
				TARGETED_DEVICE_FAMILY = "1,2";
				TEST_HOST = "$(BUILT_PRODUCTS_DIR)/Ninja Dema App.app/Ninja Dema App";
			};
			name = Debug;
		};
		D09CCADD26380554005E38C7 /* Release */ = {
			isa = XCBuildConfiguration;
			buildSettings = {
				ALWAYS_EMBED_SWIFT_STANDARD_LIBRARIES = YES;
				BUNDLE_LOADER = "$(TEST_HOST)";
				CODE_SIGN_STYLE = Automatic;
				FRAMEWORK_SEARCH_PATHS = (
					"$(inherited)",
					"$(PROJECT_DIR)/Ninja\\ Dema\\ App/Google\\ Signin\\ Framework",
					"$(PROJECT_DIR)/Ninja\\ Dema\\ App/Google\\ Signin\\ Framework",
					"$(PROJECT_DIR)/Ninja\\ Dema\\ App/Google\\ Signin\\ Framework",
					"$(PROJECT_DIR)/Ninja\\ Dema\\ App/Google\\ Signin\\ Framework",
				);
				INFOPLIST_FILE = "Ninja Dema AppTests/Info.plist";
				IPHONEOS_DEPLOYMENT_TARGET = 13.2;
				LD_RUNPATH_SEARCH_PATHS = (
					"$(inherited)",
					"@executable_path/Frameworks",
					"@loader_path/Frameworks",
				);
				PRODUCT_BUNDLE_IDENTIFIER = "com.ninjademoapp.Ninja-Dema-AppTests";
				PRODUCT_NAME = "$(TARGET_NAME)";
				SWIFT_VERSION = 5.0;
				TARGETED_DEVICE_FAMILY = "1,2";
				TEST_HOST = "$(BUILT_PRODUCTS_DIR)/Ninja Dema App.app/Ninja Dema App";
			};
			name = Release;
		};
/* End XCBuildConfiguration section */

/* Begin XCConfigurationList section */
		D09CCAB426380552005E38C7 /* Build configuration list for PBXProject "Ninja Dema App" */ = {
			isa = XCConfigurationList;
			buildConfigurations = (
				D09CCAD626380554005E38C7 /* Debug */,
				D09CCAD726380554005E38C7 /* Release */,
			);
			defaultConfigurationIsVisible = 0;
			defaultConfigurationName = Release;
		};
		D09CCAD826380554005E38C7 /* Build configuration list for PBXNativeTarget "Ninja Dema App" */ = {
			isa = XCConfigurationList;
			buildConfigurations = (
				D09CCAD926380554005E38C7 /* Debug */,
				D09CCADA26380554005E38C7 /* Release */,
			);
			defaultConfigurationIsVisible = 0;
			defaultConfigurationName = Release;
		};
		D09CCADB26380554005E38C7 /* Build configuration list for PBXNativeTarget "Ninja Dema AppTests" */ = {
			isa = XCConfigurationList;
			buildConfigurations = (
				D09CCADC26380554005E38C7 /* Debug */,
				D09CCADD26380554005E38C7 /* Release */,
			);
			defaultConfigurationIsVisible = 0;
			defaultConfigurationName = Release;
		};
/* End XCConfigurationList section */
	};
	rootObject = D09CCAB126380552005E38C7 /* Project object */;
}
